
Microsoft Visual Studio Solution File, Format Version 12.00
# Visual Studio Version 17
VisualStudioVersion = 17.8.34330.188
MinimumVisualStudioVersion = 10.0.40219.1
Project("{9A19103F-16F7-4668-BE54-9A1E7A4F7556}") = "Assignment13", "Assignment13\Assignment13.csproj", "{BFE5EE3A-4A3E-4E4D-8016-8FB7C4234B5B}"
EndProject
Project("{FAE04EC0-301F-11D3-BF4B-00C04F79EFBC}") = "Demo", "Demo\Demo.csproj", "{58760369-74DD-4B45-A6EF-69881BF2A2CD}"
EndProject
Global
	GlobalSection(SolutionConfigurationPlatforms) = preSolution
		Debug|Any CPU = Debug|Any CPU
		Release|Any CPU = Release|Any CPU
	EndGlobalSection
	GlobalSection(ProjectConfigurationPlatforms) = postSolution
		{BFE5EE3A-4A3E-4E4D-8016-8FB7C4234B5B}.Debug|Any CPU.ActiveCfg = Debug|Any CPU
		{BFE5EE3A-4A3E-4E4D-8016-8FB7C4234B5B}.Debug|Any CPU.Build.0 = Debug|Any CPU
		{BFE5EE3A-4A3E-4E4D-8016-8FB7C4234B5B}.Release|Any CPU.ActiveCfg = Release|Any CPU
		{BFE5EE3A-4A3E-4E4D-8016-8FB7C4234B5B}.Release|Any CPU.Build.0 = Release|Any CPU
		{58760369-74DD-4B45-A6EF-69881BF2A2CD}.Debug|Any CPU.ActiveCfg = Debug|Any CPU
		{58760369-74DD-4B45-A6EF-69881BF2A2CD}.Debug|Any CPU.Build.0 = Debug|Any CPU
		{58760369-74DD-4B45-A6EF-69881BF2A2CD}.Release|Any CPU.ActiveCfg = Release|Any CPU
		{58760369-74DD-4B45-A6EF-69881BF2A2CD}.Release|Any CPU.Build.0 = Release|Any CPU
	EndGlobalSection
	GlobalSection(SolutionProperties) = preSolution
		HideSolutionNode = FALSE
	EndGlobalSection
	GlobalSection(ExtensibilityGlobals) = postSolution
		SolutionGuid = {C75A189C-26A1-4E61-AF76-DA950A3982D0}
	EndGlobalSection
EndGlobal
